{
    "version": 3,
    "terraform_version": "0.11.3",
    "serial": 10,
    "lineage": "b3522d82-5944-46d6-84be-a8f1496185f0",
    "modules": [
        {
            "path": [
                "root"
            ],
            "outputs": {},
            "resources": {
                "aws_dynamodb_table.dynamodb-terraform-state": {
                    "type": "aws_dynamodb_table",
                    "depends_on": [],
                    "primary": {
                        "id": "dynamodb-terraform-state-lock",
                        "attributes": {
                            "arn": "arn:aws:dynamodb:us-east-1:511386816865:table/dynamodb-terraform-state-lock",
                            "attribute.#": "1",
                            "attribute.2068930648.name": "LockID",
                            "attribute.2068930648.type": "S",
                            "global_secondary_index.#": "0",
                            "hash_key": "LockID",
                            "id": "dynamodb-terraform-state-lock",
                            "local_secondary_index.#": "0",
                            "name": "dynamodb-terraform-state-lock",
                            "read_capacity": "20",
                            "server_side_encryption.#": "0",
                            "stream_arn": "",
                            "stream_enabled": "false",
                            "stream_label": "",
                            "stream_view_type": "",
                            "tags.%": "1",
                            "tags.Name": "dynamoDB-terraform-state-lock-table",
                            "ttl.#": "0",
                            "write_capacity": "20"
                        },
                        "meta": {
                            "e2bfb730-ecaa-11e6-8f88-34363bc7c4c0": {
                                "create": 600000000000,
                                "delete": 600000000000,
                                "update": 600000000000
                            },
                            "schema_version": "1"
                        },
                        "tainted": false
                    },
                    "deposed": [],
                    "provider": "provider.aws"
                },
                "aws_instance.firstec2": {
                    "type": "aws_instance",
                    "depends_on": [],
                    "primary": {
                        "id": "i-01caad64349578f25",
                        "attributes": {
                            "ami": "ami-2757f631",
                            "associate_public_ip_address": "true",
                            "availability_zone": "us-east-1b",
                            "disable_api_termination": "false",
                            "ebs_block_device.#": "0",
                            "ebs_optimized": "false",
                            "ephemeral_block_device.#": "0",
                            "iam_instance_profile": "",
                            "id": "i-01caad64349578f25",
                            "instance_state": "running",
                            "instance_type": "t2.micro",
                            "ipv6_addresses.#": "0",
                            "key_name": "",
                            "monitoring": "false",
                            "network_interface.#": "0",
                            "network_interface_id": "eni-16c9bfc7",
                            "placement_group": "",
                            "primary_network_interface_id": "eni-16c9bfc7",
                            "private_dns": "ip-172-31-34-45.ec2.internal",
                            "private_ip": "172.31.34.45",
                            "public_dns": "ec2-52-3-17-171.compute-1.amazonaws.com",
                            "public_ip": "52.3.17.171",
                            "root_block_device.#": "1",
                            "root_block_device.0.delete_on_termination": "true",
                            "root_block_device.0.iops": "100",
                            "root_block_device.0.volume_id": "vol-069a82c7a7f06f9df",
                            "root_block_device.0.volume_size": "8",
                            "root_block_device.0.volume_type": "gp2",
                            "security_groups.#": "1",
                            "security_groups.3814588639": "default",
                            "source_dest_check": "true",
                            "subnet_id": "subnet-18fa9245",
                            "tags.%": "1",
                            "tags.Name": "FirstEC2TF!",
                            "tenancy": "default",
                            "volume_tags.%": "0",
                            "vpc_security_group_ids.#": "1",
                            "vpc_security_group_ids.74253535": "sg-ac768edb"
                        },
                        "meta": {
                            "e2bfb730-ecaa-11e6-8f88-34363bc7c4c0": {
                                "create": 600000000000,
                                "delete": 1200000000000,
                                "update": 600000000000
                            },
                            "schema_version": "1"
                        },
                        "tainted": false
                    },
                    "deposed": [],
                    "provider": "provider.aws"
                },
                "aws_s3_bucket.terraform-state": {
                    "type": "aws_s3_bucket",
                    "depends_on": [],
                    "primary": {
                        "id": "terraform-state-s3-giancarlopetrini",
                        "attributes": {
                            "acceleration_status": "",
                            "acl": "private",
                            "arn": "arn:aws:s3:::terraform-state-s3-giancarlopetrini",
                            "bucket": "terraform-state-s3-giancarlopetrini",
                            "bucket_domain_name": "terraform-state-s3-giancarlopetrini.s3.amazonaws.com",
                            "force_destroy": "false",
                            "hosted_zone_id": "Z3AQBSTGFYJSTF",
                            "id": "terraform-state-s3-giancarlopetrini",
                            "logging.#": "0",
                            "region": "us-east-1",
                            "replication_configuration.#": "0",
                            "request_payer": "BucketOwner",
                            "server_side_encryption_configuration.#": "0",
                            "tags.%": "1",
                            "tags.Name": "terraform-state-bucket-giancarlopetrini",
                            "versioning.#": "1",
                            "versioning.0.enabled": "true",
                            "versioning.0.mfa_delete": "false",
                            "website.#": "0"
                        },
                        "meta": {},
                        "tainted": false
                    },
                    "deposed": [],
                    "provider": "provider.aws"
                },
                "aws_s3_bucket_policy.terraform-state": {
                    "type": "aws_s3_bucket_policy",
                    "depends_on": [
                        "aws_s3_bucket.terraform-state"
                    ],
                    "primary": {
                        "id": "terraform-state-s3-giancarlopetrini",
                        "attributes": {
                            "bucket": "terraform-state-s3-giancarlopetrini",
                            "id": "terraform-state-s3-giancarlopetrini",
                            "policy": "{\"Version\":\"2012-10-17\",\"Statement\":[{\"Effect\":\"Allow\",\"Principal\":{\"AWS\":\"arn:aws:iam::511386816865:user/tf-admin\"},\"Action\":\"s3:ListBucket\",\"Resource\":\"arn:aws:s3:::terraform-state-s3-giancarlopetrini\"},{\"Effect\":\"Allow\",\"Principal\":{\"AWS\":\"arn:aws:iam::511386816865:user/tf-admin\"},\"Action\":[\"s3:GetObject\",\"s3:PutObject\"],\"Resource\":\"arn:aws:s3:::terraform-state-s3-giancarlopetrini/terraform.tfstate\"}]}"
                        },
                        "meta": {},
                        "tainted": false
                    },
                    "deposed": [],
                    "provider": "provider.aws"
                }
            },
            "depends_on": []
        }
    ]
}
