{
    "version": 3,
    "terraform_version": "0.11.3",
    "serial": 59,
    "lineage": "aa2f6ce8-c75f-4bb7-b950-786a360fdab4",
    "modules": [
        {
            "path": [
                "root"
            ],
            "outputs": {
                "certificate-info": {
                    "sensitive": false,
                    "type": "list",
                    "value": [
                        "arn:aws:acm:us-east-1:511386816865:certificate/784893f4-eefd-4563-947b-43322020f5bd"
                    ]
                },
                "validation-options": {
                    "sensitive": false,
                    "type": "list",
                    "value": [
                        {
                            "domain_name": "apitest.giancarlopetrini.com",
                            "resource_record_name": "_405547411aa23fe5d84def9850d096cc.apitest.giancarlopetrini.com.",
                            "resource_record_type": "CNAME",
                            "resource_record_value": "_54e7323c5887e84b3053491d970fbaef.acm-validations.aws."
                        }
                    ]
                }
            },
            "resources": {
                "aws_acm_certificate.cert": {
                    "type": "aws_acm_certificate",
                    "depends_on": [],
                    "primary": {
                        "id": "arn:aws:acm:us-east-1:511386816865:certificate/784893f4-eefd-4563-947b-43322020f5bd",
                        "attributes": {
                            "arn": "arn:aws:acm:us-east-1:511386816865:certificate/784893f4-eefd-4563-947b-43322020f5bd",
                            "domain_name": "apitest.giancarlopetrini.com",
                            "domain_validation_options.#": "1",
                            "domain_validation_options.0.domain_name": "apitest.giancarlopetrini.com",
                            "domain_validation_options.0.resource_record_name": "_405547411aa23fe5d84def9850d096cc.apitest.giancarlopetrini.com.",
                            "domain_validation_options.0.resource_record_type": "CNAME",
                            "domain_validation_options.0.resource_record_value": "_54e7323c5887e84b3053491d970fbaef.acm-validations.aws.",
                            "id": "arn:aws:acm:us-east-1:511386816865:certificate/784893f4-eefd-4563-947b-43322020f5bd",
                            "subject_alternative_names.#": "0",
                            "tags.%": "0",
                            "validation_emails.#": "0",
                            "validation_method": "DNS"
                        },
                        "meta": {},
                        "tainted": false
                    },
                    "deposed": [],
                    "provider": "provider.aws"
                },
                "aws_api_gateway_method.proxy": {
                    "type": "aws_api_gateway_method",
                    "depends_on": [
                        "aws_api_gateway_resource.proxy",
                        "aws_api_gateway_rest_api.lambda-gateway"
                    ],
                    "primary": {
                        "id": "agm-14ormtrye7-dr7559-ANY",
                        "attributes": {
                            "api_key_required": "false",
                            "authorization": "NONE",
                            "http_method": "ANY",
                            "id": "agm-14ormtrye7-dr7559-ANY",
                            "resource_id": "dr7559",
                            "rest_api_id": "14ormtrye7"
                        },
                        "meta": {},
                        "tainted": false
                    },
                    "deposed": [],
                    "provider": "provider.aws"
                },
                "aws_api_gateway_method.proxy_root": {
                    "type": "aws_api_gateway_method",
                    "depends_on": [
                        "aws_api_gateway_rest_api.lambda-gateway"
                    ],
                    "primary": {
                        "id": "agm-14ormtrye7-8gtx9yjbn0-ANY",
                        "attributes": {
                            "api_key_required": "false",
                            "authorization": "NONE",
                            "http_method": "ANY",
                            "id": "agm-14ormtrye7-8gtx9yjbn0-ANY",
                            "resource_id": "8gtx9yjbn0",
                            "rest_api_id": "14ormtrye7"
                        },
                        "meta": {},
                        "tainted": false
                    },
                    "deposed": [],
                    "provider": "provider.aws"
                },
                "aws_api_gateway_resource.proxy": {
                    "type": "aws_api_gateway_resource",
                    "depends_on": [
                        "aws_api_gateway_rest_api.lambda-gateway"
                    ],
                    "primary": {
                        "id": "dr7559",
                        "attributes": {
                            "id": "dr7559",
                            "parent_id": "8gtx9yjbn0",
                            "path": "/{proxy+}",
                            "path_part": "{proxy+}",
                            "rest_api_id": "14ormtrye7"
                        },
                        "meta": {},
                        "tainted": false
                    },
                    "deposed": [],
                    "provider": "provider.aws"
                },
                "aws_api_gateway_rest_api.lambda-gateway": {
                    "type": "aws_api_gateway_rest_api",
                    "depends_on": [],
                    "primary": {
                        "id": "14ormtrye7",
                        "attributes": {
                            "binary_media_types.#": "0",
                            "created_date": "2018-03-20T22:41:09Z",
                            "description": "Gateway for lambda and terraform",
                            "id": "14ormtrye7",
                            "name": "lambda-gateway-api",
                            "root_resource_id": "8gtx9yjbn0"
                        },
                        "meta": {},
                        "tainted": false
                    },
                    "deposed": [],
                    "provider": "provider.aws"
                },
                "aws_iam_role.lambda_role": {
                    "type": "aws_iam_role",
                    "depends_on": [],
                    "primary": {
                        "id": "role-for-gateway",
                        "attributes": {
                            "arn": "arn:aws:iam::511386816865:role/role-for-gateway",
                            "assume_role_policy": "{\"Version\":\"2012-10-17\",\"Statement\":[{\"Sid\":\"\",\"Effect\":\"Allow\",\"Principal\":{\"Service\":\"lambda.amazonaws.com\"},\"Action\":\"sts:AssumeRole\"}]}",
                            "create_date": "2018-03-20T22:41:09Z",
                            "force_detach_policies": "false",
                            "id": "role-for-gateway",
                            "name": "role-for-gateway",
                            "path": "/",
                            "unique_id": "AROAJ6LHWP5ZA7ZFVYYIK"
                        },
                        "meta": {},
                        "tainted": false
                    },
                    "deposed": [],
                    "provider": "provider.aws"
                },
                "aws_route53_record.cert-valid": {
                    "type": "aws_route53_record",
                    "depends_on": [
                        "aws_acm_certificate.cert",
                        "data.aws_route53_zone.selected"
                    ],
                    "primary": {
                        "id": "Z11NY5YHWT824J__405547411aa23fe5d84def9850d096cc.apitest.giancarlopetrini.com._CNAME",
                        "attributes": {
                            "allow_overwrite": "true",
                            "fqdn": "_405547411aa23fe5d84def9850d096cc.apitest.giancarlopetrini.com",
                            "health_check_id": "",
                            "id": "Z11NY5YHWT824J__405547411aa23fe5d84def9850d096cc.apitest.giancarlopetrini.com._CNAME",
                            "name": "_405547411aa23fe5d84def9850d096cc.apitest.giancarlopetrini.com",
                            "records.#": "1",
                            "records.2808677950": "_54e7323c5887e84b3053491d970fbaef.acm-validations.aws.",
                            "set_identifier": "",
                            "ttl": "3600",
                            "type": "CNAME",
                            "zone_id": "Z11NY5YHWT824J"
                        },
                        "meta": {
                            "schema_version": "2"
                        },
                        "tainted": false
                    },
                    "deposed": [],
                    "provider": "provider.aws"
                },
                "aws_s3_bucket.lambda-apigateway-s3": {
                    "type": "aws_s3_bucket",
                    "depends_on": [],
                    "primary": {
                        "id": "giancarlopetrini-s3-lambda",
                        "attributes": {
                            "acceleration_status": "",
                            "acl": "private",
                            "arn": "arn:aws:s3:::giancarlopetrini-s3-lambda",
                            "bucket": "giancarlopetrini-s3-lambda",
                            "bucket_domain_name": "giancarlopetrini-s3-lambda.s3.amazonaws.com",
                            "force_destroy": "true",
                            "hosted_zone_id": "Z3AQBSTGFYJSTF",
                            "id": "giancarlopetrini-s3-lambda",
                            "logging.#": "0",
                            "region": "us-east-1",
                            "replication_configuration.#": "0",
                            "request_payer": "BucketOwner",
                            "server_side_encryption_configuration.#": "0",
                            "tags.%": "1",
                            "tags.Name": "giancarlopetrini-s3-lambda-test",
                            "versioning.#": "1",
                            "versioning.0.enabled": "false",
                            "versioning.0.mfa_delete": "false",
                            "website.#": "0"
                        },
                        "meta": {},
                        "tainted": false
                    },
                    "deposed": [],
                    "provider": "provider.aws"
                },
                "data.aws_route53_zone.selected": {
                    "type": "aws_route53_zone",
                    "depends_on": [],
                    "primary": {
                        "id": "Z11NY5YHWT824J",
                        "attributes": {
                            "caller_reference": "028748BF-3E9C-4B64-B82C-64AE4BA0E67E",
                            "comment": "",
                            "id": "Z11NY5YHWT824J",
                            "name": "giancarlopetrini.com.",
                            "private_zone": "false",
                            "resource_record_set_count": "9",
                            "zone_id": "Z11NY5YHWT824J"
                        },
                        "meta": {},
                        "tainted": false
                    },
                    "deposed": [],
                    "provider": "provider.aws"
                }
            },
            "depends_on": []
        }
    ]
}
