{
    "version": 3,
    "terraform_version": "0.11.3",
    "serial": 29,
    "lineage": "aa2f6ce8-c75f-4bb7-b950-786a360fdab4",
    "modules": [
        {
            "path": [
                "root"
            ],
            "outputs": {
                "base_url": {
                    "sensitive": false,
                    "type": "string",
                    "value": "https://zbvgvszlxc.execute-api.us-east-1.amazonaws.com/test"
                }
            },
            "resources": {
                "aws_api_gateway_deployment.lambda-gateway": {
                    "type": "aws_api_gateway_deployment",
                    "depends_on": [
                        "aws_api_gateway_integration.lambda",
                        "aws_api_gateway_integration.lambda_root",
                        "aws_api_gateway_rest_api.lambda-gateway"
                    ],
                    "primary": {
                        "id": "ywubw5",
                        "attributes": {
                            "created_date": "2018-03-15T15:11:18Z",
                            "description": "",
                            "execution_arn": "arn:aws:execute-api:us-east-1:511386816865:zbvgvszlxc/test",
                            "id": "ywubw5",
                            "invoke_url": "https://zbvgvszlxc.execute-api.us-east-1.amazonaws.com/test",
                            "rest_api_id": "zbvgvszlxc",
                            "stage_name": "test"
                        },
                        "meta": {},
                        "tainted": false
                    },
                    "deposed": [],
                    "provider": "provider.aws"
                },
                "aws_api_gateway_integration.lambda": {
                    "type": "aws_api_gateway_integration",
                    "depends_on": [
                        "aws_api_gateway_method.proxy",
                        "aws_api_gateway_rest_api.lambda-gateway",
                        "aws_lambda_function.lambda"
                    ],
                    "primary": {
                        "id": "agi-zbvgvszlxc-wgfdzm-ANY",
                        "attributes": {
                            "cache_key_parameters.#": "0",
                            "cache_namespace": "wgfdzm",
                            "http_method": "ANY",
                            "id": "agi-zbvgvszlxc-wgfdzm-ANY",
                            "integration_http_method": "POST",
                            "passthrough_behavior": "WHEN_NO_MATCH",
                            "request_parameters.%": "0",
                            "request_templates.%": "0",
                            "resource_id": "wgfdzm",
                            "rest_api_id": "zbvgvszlxc",
                            "type": "AWS_PROXY",
                            "uri": "arn:aws:apigateway:us-east-1:lambda:path/2015-03-31/functions/arn:aws:lambda:us-east-1:511386816865:function:lambda-apigateway/invocations"
                        },
                        "meta": {},
                        "tainted": false
                    },
                    "deposed": [],
                    "provider": "provider.aws"
                },
                "aws_api_gateway_integration.lambda_root": {
                    "type": "aws_api_gateway_integration",
                    "depends_on": [
                        "aws_api_gateway_method.proxy_root",
                        "aws_api_gateway_rest_api.lambda-gateway",
                        "aws_lambda_function.lambda"
                    ],
                    "primary": {
                        "id": "agi-zbvgvszlxc-s2oo9u9iy9-ANY",
                        "attributes": {
                            "cache_key_parameters.#": "0",
                            "cache_namespace": "s2oo9u9iy9",
                            "content_handling": "",
                            "http_method": "ANY",
                            "id": "agi-zbvgvszlxc-s2oo9u9iy9-ANY",
                            "integration_http_method": "POST",
                            "passthrough_behavior": "WHEN_NO_MATCH",
                            "request_parameters.%": "0",
                            "request_templates.%": "0",
                            "resource_id": "s2oo9u9iy9",
                            "rest_api_id": "zbvgvszlxc",
                            "type": "AWS_PROXY",
                            "uri": "arn:aws:apigateway:us-east-1:lambda:path/2015-03-31/functions/arn:aws:lambda:us-east-1:511386816865:function:lambda-apigateway/invocations"
                        },
                        "meta": {},
                        "tainted": false
                    },
                    "deposed": [],
                    "provider": "provider.aws"
                },
                "aws_api_gateway_method.proxy": {
                    "type": "aws_api_gateway_method",
                    "depends_on": [
                        "aws_api_gateway_resource.proxy",
                        "aws_api_gateway_rest_api.lambda-gateway"
                    ],
                    "primary": {
                        "id": "agm-zbvgvszlxc-wgfdzm-ANY",
                        "attributes": {
                            "api_key_required": "false",
                            "authorization": "NONE",
                            "authorizer_id": "",
                            "http_method": "ANY",
                            "id": "agm-zbvgvszlxc-wgfdzm-ANY",
                            "request_models.%": "0",
                            "request_parameters.%": "0",
                            "request_validator_id": "",
                            "resource_id": "wgfdzm",
                            "rest_api_id": "zbvgvszlxc"
                        },
                        "meta": {},
                        "tainted": false
                    },
                    "deposed": [],
                    "provider": "provider.aws"
                },
                "aws_api_gateway_method.proxy_root": {
                    "type": "aws_api_gateway_method",
                    "depends_on": [
                        "aws_api_gateway_rest_api.lambda-gateway"
                    ],
                    "primary": {
                        "id": "agm-zbvgvszlxc-s2oo9u9iy9-ANY",
                        "attributes": {
                            "api_key_required": "false",
                            "authorization": "NONE",
                            "authorizer_id": "",
                            "http_method": "ANY",
                            "id": "agm-zbvgvszlxc-s2oo9u9iy9-ANY",
                            "request_models.%": "0",
                            "request_parameters.%": "0",
                            "request_validator_id": "",
                            "resource_id": "s2oo9u9iy9",
                            "rest_api_id": "zbvgvszlxc"
                        },
                        "meta": {},
                        "tainted": false
                    },
                    "deposed": [],
                    "provider": "provider.aws"
                },
                "aws_api_gateway_resource.proxy": {
                    "type": "aws_api_gateway_resource",
                    "depends_on": [
                        "aws_api_gateway_rest_api.lambda-gateway"
                    ],
                    "primary": {
                        "id": "wgfdzm",
                        "attributes": {
                            "id": "wgfdzm",
                            "parent_id": "s2oo9u9iy9",
                            "path": "/{proxy+}",
                            "path_part": "{proxy+}",
                            "rest_api_id": "zbvgvszlxc"
                        },
                        "meta": {},
                        "tainted": false
                    },
                    "deposed": [],
                    "provider": "provider.aws"
                },
                "aws_api_gateway_rest_api.lambda-gateway": {
                    "type": "aws_api_gateway_rest_api",
                    "depends_on": [],
                    "primary": {
                        "id": "zbvgvszlxc",
                        "attributes": {
                            "binary_media_types.#": "0",
                            "created_date": "2018-03-15T15:09:19Z",
                            "description": "Gateway for lambda and terraform",
                            "id": "zbvgvszlxc",
                            "name": "lambda-gateway-api",
                            "root_resource_id": "s2oo9u9iy9"
                        },
                        "meta": {},
                        "tainted": false
                    },
                    "deposed": [],
                    "provider": "provider.aws"
                },
                "aws_iam_role.lambda_role": {
                    "type": "aws_iam_role",
                    "depends_on": [],
                    "primary": {
                        "id": "role-for-gateway",
                        "attributes": {
                            "arn": "arn:aws:iam::511386816865:role/role-for-gateway",
                            "assume_role_policy": "{\"Version\":\"2012-10-17\",\"Statement\":[{\"Sid\":\"\",\"Effect\":\"Allow\",\"Principal\":{\"Service\":\"lambda.amazonaws.com\"},\"Action\":\"sts:AssumeRole\"}]}",
                            "create_date": "2018-03-15T04:55:29Z",
                            "force_detach_policies": "false",
                            "id": "role-for-gateway",
                            "name": "role-for-gateway",
                            "path": "/",
                            "unique_id": "AROAIF5GJDXMFPY5EC342"
                        },
                        "meta": {},
                        "tainted": false
                    },
                    "deposed": [],
                    "provider": "provider.aws"
                },
                "aws_lambda_function.lambda": {
                    "type": "aws_lambda_function",
                    "depends_on": [
                        "aws_iam_role.lambda_role"
                    ],
                    "primary": {
                        "id": "lambda-apigateway",
                        "attributes": {
                            "arn": "arn:aws:lambda:us-east-1:511386816865:function:lambda-apigateway",
                            "dead_letter_config.#": "0",
                            "description": "",
                            "environment.#": "0",
                            "function_name": "lambda-apigateway",
                            "handler": "lambda",
                            "id": "lambda-apigateway",
                            "invoke_arn": "arn:aws:apigateway:us-east-1:lambda:path/2015-03-31/functions/arn:aws:lambda:us-east-1:511386816865:function:lambda-apigateway/invocations",
                            "kms_key_arn": "",
                            "last_modified": "2018-03-16T17:22:49.060+0000",
                            "memory_size": "128",
                            "publish": "false",
                            "qualified_arn": "arn:aws:lambda:us-east-1:511386816865:function:lambda-apigateway:$LATEST",
                            "reserved_concurrent_executions": "0",
                            "role": "arn:aws:iam::511386816865:role/role-for-gateway",
                            "runtime": "go1.x",
                            "s3_bucket": "giancarlopetrini-s3-lambda",
                            "s3_key": "lambda.zip",
                            "source_code_hash": "K13Ynbqh9331pahJJqQ0VmTNNQ6om0n7THyoD5XN4M4=",
                            "tags.%": "0",
                            "timeout": "3",
                            "tracing_config.#": "1",
                            "tracing_config.0.mode": "PassThrough",
                            "version": "$LATEST",
                            "vpc_config.#": "0"
                        },
                        "meta": {},
                        "tainted": false
                    },
                    "deposed": [],
                    "provider": "provider.aws"
                },
                "aws_lambda_permission.apigw": {
                    "type": "aws_lambda_permission",
                    "depends_on": [
                        "aws_api_gateway_deployment.lambda-gateway",
                        "aws_lambda_function.lambda"
                    ],
                    "primary": {
                        "id": "AllowAPIGatewayInvoke",
                        "attributes": {
                            "action": "lambda:InvokeFunction",
                            "function_name": "arn:aws:lambda:us-east-1:511386816865:function:lambda-apigateway",
                            "id": "AllowAPIGatewayInvoke",
                            "principal": "apigateway.amazonaws.com",
                            "qualifier": "",
                            "source_arn": "arn:aws:execute-api:us-east-1:511386816865:zbvgvszlxc/test/*/*",
                            "statement_id": "AllowAPIGatewayInvoke"
                        },
                        "meta": {},
                        "tainted": false
                    },
                    "deposed": [],
                    "provider": "provider.aws"
                },
                "aws_s3_bucket.lambda-apigateway-s3": {
                    "type": "aws_s3_bucket",
                    "depends_on": [],
                    "primary": {
                        "id": "giancarlopetrini-s3-lambda",
                        "attributes": {
                            "acceleration_status": "",
                            "acl": "private",
                            "arn": "arn:aws:s3:::giancarlopetrini-s3-lambda",
                            "bucket": "giancarlopetrini-s3-lambda",
                            "bucket_domain_name": "giancarlopetrini-s3-lambda.s3.amazonaws.com",
                            "force_destroy": "true",
                            "hosted_zone_id": "Z3AQBSTGFYJSTF",
                            "id": "giancarlopetrini-s3-lambda",
                            "logging.#": "0",
                            "region": "us-east-1",
                            "replication_configuration.#": "0",
                            "request_payer": "BucketOwner",
                            "server_side_encryption_configuration.#": "0",
                            "tags.%": "1",
                            "tags.Name": "giancarlopetrini-s3-lambda-test",
                            "versioning.#": "1",
                            "versioning.0.enabled": "false",
                            "versioning.0.mfa_delete": "false",
                            "website.#": "0"
                        },
                        "meta": {},
                        "tainted": false
                    },
                    "deposed": [],
                    "provider": "provider.aws"
                }
            },
            "depends_on": []
        }
    ]
}
